<?xml version="1.0" encoding="utf-8"?>
<Project ToolsVersion="4.0" xmlns="http://schemas.microsoft.com/developer/msbuild/2003">
  <ItemGroup>
    <Filter Include="Source">
      <UniqueIdentifier>{4FC737F1-C7A5-4376-A066-2A32D752A2FF}</UniqueIdentifier>
      <Extensions>cpp;c;cc;cxx;c++;cppm;ixx;def;odl;idl;hpj;bat;asm;asmx</Extensions>
    </Filter>
    <Filter Include="Assets">
      <UniqueIdentifier>{7d2ce0eb-c054-4fe8-a9fe-1efa54b53c25}</UniqueIdentifier>
    </Filter>
    <Filter Include="Assets\Shaders">
      <UniqueIdentifier>{73427d65-0cdc-476c-a94a-2c439e995a04}</UniqueIdentifier>
    </Filter>
    <Filter Include="Assets\Textures">
      <UniqueIdentifier>{af623c71-f795-43fc-979b-e882a9700bfa}</UniqueIdentifier>
    </Filter>
    <Filter Include="Assets\Materials">
      <UniqueIdentifier>{71a5af59-b909-4f5d-ab37-0fda8b4aeb1c}</UniqueIdentifier>
    </Filter>
    <Filter Include="Assets\Scenes">
      <UniqueIdentifier>{47f14e35-9c67-47fb-a290-a9cbc4cd9c39}</UniqueIdentifier>
    </Filter>
  </ItemGroup>
  <ItemGroup>
    <ClCompile Include="Main.cpp">
      <Filter>Source</Filter>
    </ClCompile>
    <ClCompile Include="ApplicationPCH.cpp">
      <Filter>Source</Filter>
    </ClCompile>
  </ItemGroup>
  <ItemGroup>
    <ClInclude Include="ApplicationPCH.h">
      <Filter>Source</Filter>
    </ClInclude>
  </ItemGroup>
  <ItemGroup>
    <None Include="..\..\Build\Assets\Shaders\basic.vert">
      <Filter>Assets\Shaders</Filter>
    </None>
    <None Include="..\..\Build\Assets\Shaders\basic.frag">
      <Filter>Assets\Shaders</Filter>
    </None>
    <None Include="..\..\Build\Assets\Shaders\lit_vertex.vert">
      <Filter>Assets\Shaders</Filter>
    </None>
    <None Include="..\..\Build\Assets\Shaders\lit_vertex.frag">
      <Filter>Assets\Shaders</Filter>
    </None>
    <None Include="..\..\Build\Assets\Shaders\lit_vertex.prog">
      <Filter>Assets\Shaders</Filter>
    </None>
    <None Include="..\..\Build\Assets\Shaders\lit_phong.prog">
      <Filter>Assets\Shaders</Filter>
    </None>
    <None Include="..\..\Build\Assets\Shaders\lit_phong.vert">
      <Filter>Assets\Shaders</Filter>
    </None>
    <None Include="..\..\Build\Assets\Shaders\lit_phong.frag">
      <Filter>Assets\Shaders</Filter>
    </None>
    <None Include="..\..\Build\Assets\Materials\spot.mat">
      <Filter>Assets\Materials</Filter>
    </None>
    <None Include="..\..\Build\Assets\Materials\color_grid.mat">
      <Filter>Assets\Materials</Filter>
    </None>
    <None Include="..\..\Build\Assets\Materials\halloween.mat">
      <Filter>Assets\Materials</Filter>
    </None>
    <None Include="..\..\Build\Assets\Materials\rocks.mat">
      <Filter>Assets\Materials</Filter>
    </None>
    <None Include="..\..\Build\Assets\Scenes\scene01.json">
      <Filter>Assets\Scenes</Filter>
    </None>
    <None Include="..\..\Build\Assets\Materials\crate.mat">
      <Filter>Assets\Materials</Filter>
    </None>
    <None Include="..\..\Build\Assets\Scenes\scene02.json">
      <Filter>Assets\Scenes</Filter>
    </None>
    <None Include="..\..\Build\Assets\Shaders\skybox.prog">
      <Filter>Assets\Shaders</Filter>
    </None>
    <None Include="..\..\Build\Assets\Shaders\cubemap.frag">
      <Filter>Assets\Shaders</Filter>
    </None>
    <None Include="..\..\Build\Assets\Shaders\skybox.vert">
      <Filter>Assets\Shaders</Filter>
    </None>
    <None Include="..\..\Build\Assets\Shaders\reflection.vert">
      <Filter>Assets\Shaders</Filter>
    </None>
    <None Include="..\..\Build\Assets\Shaders\refraction.vert">
      <Filter>Assets\Shaders</Filter>
    </None>
    <None Include="..\..\Build\Assets\Shaders\reflection.prog">
      <Filter>Assets\Shaders</Filter>
    </None>
    <None Include="..\..\Build\Assets\Shaders\refraction.prog">
      <Filter>Assets\Shaders</Filter>
    </None>
    <None Include="..\..\Build\Assets\Materials\skybox.mat">
      <Filter>Assets\Materials</Filter>
    </None>
    <None Include="..\..\Build\Assets\Materials\reflection.mat">
      <Filter>Assets\Materials</Filter>
    </None>
    <None Include="..\..\Build\Assets\Materials\refraction.mat">
      <Filter>Assets\Materials</Filter>
    </None>
    <None Include="..\..\..\Code\111925\postprocess.prog">
      <Filter>Assets\Shaders</Filter>
    </None>
    <None Include="..\..\..\Code\111925\postprocess.vert">
      <Filter>Assets\Shaders</Filter>
    </None>
    <None Include="..\..\..\Code\111925\postprocess.frag">
      <Filter>Assets\Shaders</Filter>
    </None>
    <None Include="..\..\Build\Assets\Shaders\unlit.prog">
      <Filter>Assets\Shaders</Filter>
    </None>
    <None Include="..\..\Build\Assets\Shaders\unlit.vert">
      <Filter>Assets\Shaders</Filter>
    </None>
    <None Include="..\..\Build\Assets\Shaders\unlit.frag">
      <Filter>Assets\Shaders</Filter>
    </None>
    <None Include="..\..\Build\Assets\Materials\rtt.mat">
      <Filter>Assets\Materials</Filter>
    </None>
  </ItemGroup>
  <ItemGroup>
    <Image Include="..\..\Build\Assets\Textures\beast.png">
      <Filter>Assets\Textures</Filter>
    </Image>
  </ItemGroup>
</Project>